
Microsoft Visual Studio Solution File, Format Version 12.00
# Visual Studio Version 17
VisualStudioVersion = 17.9.34728.123
MinimumVisualStudioVersion = 10.0.40219.1
Project("{9A19103F-16F7-4668-BE54-9A1E7A4F7556}") = "AGauge", "AGauge\AGauge.csproj", "{3CF36E77-CD6E-428A-89F9-31C8C8E595C7}"
EndProject
Project("{FAE04EC0-301F-11D3-BF4B-00C04F79EFBC}") = "AGaugeApp", "AGaugeApp\AGaugeApp.csproj", "{FB89F830-9695-466E-B495-6D7E1E3AD198}"
EndProject
Global
	GlobalSection(SolutionConfigurationPlatforms) = preSolution
		Debug|Any CPU = Debug|Any CPU
		Release|Any CPU = Release|Any CPU
	EndGlobalSection
	GlobalSection(ProjectConfigurationPlatforms) = postSolution
		{3CF36E77-CD6E-428A-89F9-31C8C8E595C7}.Debug|Any CPU.ActiveCfg = Debug|Any CPU
		{3CF36E77-CD6E-428A-89F9-31C8C8E595C7}.Debug|Any CPU.Build.0 = Debug|Any CPU
		{3CF36E77-CD6E-428A-89F9-31C8C8E595C7}.Release|Any CPU.ActiveCfg = Release|Any CPU
		{3CF36E77-CD6E-428A-89F9-31C8C8E595C7}.Release|Any CPU.Build.0 = Release|Any CPU
		{FB89F830-9695-466E-B495-6D7E1E3AD198}.Debug|Any CPU.ActiveCfg = Debug|Any CPU
		{FB89F830-9695-466E-B495-6D7E1E3AD198}.Debug|Any CPU.Build.0 = Debug|Any CPU
		{FB89F830-9695-466E-B495-6D7E1E3AD198}.Release|Any CPU.ActiveCfg = Release|Any CPU
		{FB89F830-9695-466E-B495-6D7E1E3AD198}.Release|Any CPU.Build.0 = Release|Any CPU
	EndGlobalSection
	GlobalSection(SolutionProperties) = preSolution
		HideSolutionNode = FALSE
	EndGlobalSection
	GlobalSection(ExtensibilityGlobals) = postSolution
		SolutionGuid = {6A3561AD-28B8-48FD-B0A9-3B9E887A2091}
	EndGlobalSection
EndGlobal
